
Microsoft Visual Studio Solution File, Format Version 12.00
# Visual Studio Version 17
VisualStudioVersion = 17.10.35004.147
MinimumVisualStudioVersion = 10.0.40219.1
Project("{FAE04EC0-301F-11D3-BF4B-00C04F79EFBC}") = "ifstatement practice", "ifstatement practice\ifstatement practice.csproj", "{04266A51-FCC4-486C-84C5-B92B157C3EFC}"
EndProject
Global
	GlobalSection(SolutionConfigurationPlatforms) = preSolution
		Debug|Any CPU = Debug|Any CPU
		Release|Any CPU = Release|Any CPU
	EndGlobalSection
	GlobalSection(ProjectConfigurationPlatforms) = postSolution
		{04266A51-FCC4-486C-84C5-B92B157C3EFC}.Debug|Any CPU.ActiveCfg = Debug|Any CPU
		{04266A51-FCC4-486C-84C5-B92B157C3EFC}.Debug|Any CPU.Build.0 = Debug|Any CPU
		{04266A51-FCC4-486C-84C5-B92B157C3EFC}.Release|Any CPU.ActiveCfg = Release|Any CPU
		{04266A51-FCC4-486C-84C5-B92B157C3EFC}.Release|Any CPU.Build.0 = Release|Any CPU
	EndGlobalSection
	GlobalSection(SolutionProperties) = preSolution
		HideSolutionNode = FALSE
	EndGlobalSection
	GlobalSection(ExtensibilityGlobals) = postSolution
		SolutionGuid = {27BC8A2E-60CF-41DA-A3D2-ADD24C6CE455}
	EndGlobalSection
EndGlobal
